// !$*UTF8*$!
{ archiveVersion = 1; classes = {}; objectVersion = 56; objects = {
        9E7DBE51CF7A78806DCD8892 /* AppState.swift in Sources */ = {isa = PBXBuildFile; fileRef = 1CB4B9CDA13A6DAD3E61A410 /* AppState.swift */; };
        BC63A924DF96F1BB626DC1A0 /* ResumeMasterApp.swift in Sources */ = {isa = PBXBuildFile; fileRef = CA96C62936A38B73F0714CD8 /* ResumeMasterApp.swift */; };
        31466A65352A86F934C63CF3 /* ActionLabel.swift in Sources */ = {isa = PBXBuildFile; fileRef = 148888635E9D58C016427EAD /* ActionLabel.swift */; };
        A5366708FAF2A626093FCB96 /* HapticManager.swift in Sources */ = {isa = PBXBuildFile; fileRef = AB39EFEF76AEA6C608B3CFE4 /* HapticManager.swift */; };
        AC30890E104FCC711F48ACC9 /* MinimalButton.swift in Sources */ = {isa = PBXBuildFile; fileRef = 376075A24D84B0009BF0B2F9 /* MinimalButton.swift */; };
        43B45C1C34EA935218C1C30A /* SpringAnimation.swift in Sources */ = {isa = PBXBuildFile; fileRef = DB2C6C8A7BF96BE25AF44611 /* SpringAnimation.swift */; };
        5CABE0E44D2AC8F9175C3D76 /* SwipeCardModifier.swift in Sources */ = {isa = PBXBuildFile; fileRef = 11CC335952F631834DBE79B4 /* SwipeCardModifier.swift */; };
        81D4E51883C187BE3B06CCE5 /* DesignSystem.swift in Sources */ = {isa = PBXBuildFile; fileRef = F6625B5483CE0EE3E751F7CF /* DesignSystem.swift */; };
        5E4451DEA4499C239213A580 /* SwipeThresholds.swift in Sources */ = {isa = PBXBuildFile; fileRef = 4FCDA0769A6DB6C4971A69BD /* SwipeThresholds.swift */; };
        E501FF15567A8A61124509EF /* ApplyModels.swift in Sources */ = {isa = PBXBuildFile; fileRef = C472E372B58CA876A66B1844 /* ApplyModels.swift */; };
        B6944A4DC6EAB77C9DEDBC27 /* AuthModels.swift in Sources */ = {isa = PBXBuildFile; fileRef = 5910A3E505CA471FAC41B3CB /* AuthModels.swift */; };
        D1071BA77A07067B9FFE6D95 /* FeedModels.swift in Sources */ = {isa = PBXBuildFile; fileRef = 3BBE8BD10FD686BD93865BEB /* FeedModels.swift */; };
        4B6D8B04403DB8E5141DDF86 /* InteractModels.swift in Sources */ = {isa = PBXBuildFile; fileRef = D554C9A709205C6BF7044E3C /* InteractModels.swift */; };
        873467622E9B326394653FC0 /* Job.swift in Sources */ = {isa = PBXBuildFile; fileRef = 001274EE12A39D4C19F05711 /* Job.swift */; };
        3BEFE266EB7276AC5DC6528B /* Resume.swift in Sources */ = {isa = PBXBuildFile; fileRef = 46C2E9153108FFB4684F9572 /* Resume.swift */; };
        DB20DD58DF40513C3093994D /* SwipeAction.swift in Sources */ = {isa = PBXBuildFile; fileRef = BB05FC01ACF5CBB8BB5DD41A /* SwipeAction.swift */; };
        1E547B6F55D022C18A800E93 /* Template.swift in Sources */ = {isa = PBXBuildFile; fileRef = 76F1A54E7E2B580AA8443B0A /* Template.swift */; };
        39BFA71FAE722B97D6E74AE8 /* APIClient.swift in Sources */ = {isa = PBXBuildFile; fileRef = 6C2D29A518769C9E3437CDA4 /* APIClient.swift */; };
        87E253C71AA579104109B7B6 /* APIConfig.swift in Sources */ = {isa = PBXBuildFile; fileRef = 78B6531A8C81AB10CDD5D457 /* APIConfig.swift */; };
        939B7F9B2DC9AAE68C5A6790 /* APIError.swift in Sources */ = {isa = PBXBuildFile; fileRef = 907D266948E28EEC8864A744 /* APIError.swift */; };
        ECE8D0E6D98E7E08359EF58E /* KeychainTokenStore.swift in Sources */ = {isa = PBXBuildFile; fileRef = A0DB5263307E7B994882DB67 /* KeychainTokenStore.swift */; };
        94E1425C0EC7871DCCBC214D /* LocalApplyQueue.swift in Sources */ = {isa = PBXBuildFile; fileRef = D399B68995FE87D4E3EA4BD1 /* LocalApplyQueue.swift */; };
        78B6F532BC9CAAB5366EE93C /* ResumeStore.swift in Sources */ = {isa = PBXBuildFile; fileRef = 1CDAA9A8E28CF9D53BA5B608 /* ResumeStore.swift */; };
        9875450DC64380EE63F7FF8D /* ApplyService.swift in Sources */ = {isa = PBXBuildFile; fileRef = 2E129AD779766846C32A3BE8 /* ApplyService.swift */; };
        BF4B7B6B476AD282BE1D4B04 /* AuthService.swift in Sources */ = {isa = PBXBuildFile; fileRef = 077BD74AA0BAD72537558463 /* AuthService.swift */; };
        3CCC92C30E7852C4DA232FDC /* JobFeedService.swift in Sources */ = {isa = PBXBuildFile; fileRef = 2D8742EEDD3BFBDF555E5093 /* JobFeedService.swift */; };
        EA4A211FAF25534324DA5589 /* LinkedInAuthService.swift in Sources */ = {isa = PBXBuildFile; fileRef = C98A6436C59C2900CC301A5E /* LinkedInAuthService.swift */; };
        31BD86C17C911423A1407100 /* LoginView.swift in Sources */ = {isa = PBXBuildFile; fileRef = 4DFFDE8C71940E99700C64D7 /* LoginView.swift */; };
        2B3C038C70A140E6F0B3D8DE /* ActionBadgeView.swift in Sources */ = {isa = PBXBuildFile; fileRef = DAFC2031BCEC0B16A8508787 /* ActionBadgeView.swift */; };
        4742CC911A12FA834A4B87A2 /* CardStackView.swift in Sources */ = {isa = PBXBuildFile; fileRef = 8411C0AD8DCFEA207431DABE /* CardStackView.swift */; };
        091EF8740B7AC75922A1EFC9 /* JobCardView.swift in Sources */ = {isa = PBXBuildFile; fileRef = 54F5E4B079E5365F9D4F2429 /* JobCardView.swift */; };
        B6BAEBBC39FABA10DE26D389 /* JobsView.swift in Sources */ = {isa = PBXBuildFile; fileRef = 9822CAEFB79AF2D75820C68E /* JobsView.swift */; };
        185AE75882238945185073BD /* SwipeOverlayView.swift in Sources */ = {isa = PBXBuildFile; fileRef = C58F8536312F4706E3C117F2 /* SwipeOverlayView.swift */; };
        23C580F260291824ED36D076 /* ExportView.swift in Sources */ = {isa = PBXBuildFile; fileRef = 2AAE0E041AA8EDD7C6244D7E /* ExportView.swift */; };
        0661A93EC2814BF312312106 /* ResumePreviewView.swift in Sources */ = {isa = PBXBuildFile; fileRef = 09AE357696F265F38144FC85 /* ResumePreviewView.swift */; };
        A189F4917E209F63C52629E7 /* ProfileView.swift in Sources */ = {isa = PBXBuildFile; fileRef = 766127F510DB9F2771DCBE72 /* ProfileView.swift */; };
        A109A368B500CF373F1E31B3 /* FieldRowView.swift in Sources */ = {isa = PBXBuildFile; fileRef = 7721100FC9D729F48A985B23 /* FieldRowView.swift */; };
        861B2BD6A4AD9D819112E23A /* ResumeBuilderView.swift in Sources */ = {isa = PBXBuildFile; fileRef = 3A8704817DB8C2749B5D4045 /* ResumeBuilderView.swift */; };
        5EAB0D396587C1FE69337E72 /* SectionEditorView.swift in Sources */ = {isa = PBXBuildFile; fileRef = AD07B5654C61064EBA1EA135 /* SectionEditorView.swift */; };
        4C6A35F33820313381A7A57E /* SectionRowView.swift in Sources */ = {isa = PBXBuildFile; fileRef = 0FB6C552DA2D549539809B3D /* SectionRowView.swift */; };
        484B105F72C3C142580F1B4F /* ReviewDetailView.swift in Sources */ = {isa = PBXBuildFile; fileRef = 43E07D1E46EBF4BD1EBCFE52 /* ReviewDetailView.swift */; };
        B034893CD2FE6BE900FF8B6B /* ReviewQueueView.swift in Sources */ = {isa = PBXBuildFile; fileRef = BD7C8DD2B842B50A016E5B77 /* ReviewQueueView.swift */; };
        AE99DB211FAE9338D1189AFF /* RootTabView.swift in Sources */ = {isa = PBXBuildFile; fileRef = 1961444F552BBDACA747B637 /* RootTabView.swift */; };
        E212DB168187CBC4A13D53E2 /* TemplateCardView.swift in Sources */ = {isa = PBXBuildFile; fileRef = 4F136A180404B6C9C4CCA370 /* TemplateCardView.swift */; };
        5AE22EB82FDBBBB18C246911 /* TemplatesView.swift in Sources */ = {isa = PBXBuildFile; fileRef = 49DF4C9D115B0FBA5ADCC1DA /* TemplatesView.swift */; };
        964BD5656C7A016EF0C9ADA7 /* ResumeMaster.app */ = {isa = PBXFileReference; explicitFileType = wrapper.application; path = ResumeMaster.app; sourceTree = BUILT_PRODUCTS_DIR; };
        64488557C2EBEE21EA19BF06 /* Info.plist */ = {isa = PBXFileReference; lastKnownFileType = text.plist.xml; path = Info.plist; sourceTree = "<group>"; };
        1CB4B9CDA13A6DAD3E61A410 /* AppState.swift */ = {isa = PBXFileReference; lastKnownFileType = sourcecode.swift; path = "App/AppState.swift"; sourceTree = "<group>"; };
        CA96C62936A38B73F0714CD8 /* ResumeMasterApp.swift */ = {isa = PBXFileReference; lastKnownFileType = sourcecode.swift; path = "App/ResumeMasterApp.swift"; sourceTree = "<group>"; };
        148888635E9D58C016427EAD /* ActionLabel.swift */ = {isa = PBXFileReference; lastKnownFileType = sourcecode.swift; path = "Components/ActionLabel.swift"; sourceTree = "<group>"; };
        AB39EFEF76AEA6C608B3CFE4 /* HapticManager.swift */ = {isa = PBXFileReference; lastKnownFileType = sourcecode.swift; path = "Components/HapticManager.swift"; sourceTree = "<group>"; };
        376075A24D84B0009BF0B2F9 /* MinimalButton.swift */ = {isa = PBXFileReference; lastKnownFileType = sourcecode.swift; path = "Components/MinimalButton.swift"; sourceTree = "<group>"; };
        DB2C6C8A7BF96BE25AF44611 /* SpringAnimation.swift */ = {isa = PBXFileReference; lastKnownFileType = sourcecode.swift; path = "Components/SpringAnimation.swift"; sourceTree = "<group>"; };
        11CC335952F631834DBE79B4 /* SwipeCardModifier.swift */ = {isa = PBXFileReference; lastKnownFileType = sourcecode.swift; path = "Components/SwipeCardModifier.swift"; sourceTree = "<group>"; };
        F6625B5483CE0EE3E751F7CF /* DesignSystem.swift */ = {isa = PBXFileReference; lastKnownFileType = sourcecode.swift; path = "Constants/DesignSystem.swift"; sourceTree = "<group>"; };
        4FCDA0769A6DB6C4971A69BD /* SwipeThresholds.swift */ = {isa = PBXFileReference; lastKnownFileType = sourcecode.swift; path = "Constants/SwipeThresholds.swift"; sourceTree = "<group>"; };
        C472E372B58CA876A66B1844 /* ApplyModels.swift */ = {isa = PBXFileReference; lastKnownFileType = sourcecode.swift; path = "Models/API/ApplyModels.swift"; sourceTree = "<group>"; };
        5910A3E505CA471FAC41B3CB /* AuthModels.swift */ = {isa = PBXFileReference; lastKnownFileType = sourcecode.swift; path = "Models/API/AuthModels.swift"; sourceTree = "<group>"; };
        3BBE8BD10FD686BD93865BEB /* FeedModels.swift */ = {isa = PBXFileReference; lastKnownFileType = sourcecode.swift; path = "Models/API/FeedModels.swift"; sourceTree = "<group>"; };
        D554C9A709205C6BF7044E3C /* InteractModels.swift */ = {isa = PBXFileReference; lastKnownFileType = sourcecode.swift; path = "Models/API/InteractModels.swift"; sourceTree = "<group>"; };
        001274EE12A39D4C19F05711 /* Job.swift */ = {isa = PBXFileReference; lastKnownFileType = sourcecode.swift; path = "Models/Job.swift"; sourceTree = "<group>"; };
        46C2E9153108FFB4684F9572 /* Resume.swift */ = {isa = PBXFileReference; lastKnownFileType = sourcecode.swift; path = "Models/Resume.swift"; sourceTree = "<group>"; };
        BB05FC01ACF5CBB8BB5DD41A /* SwipeAction.swift */ = {isa = PBXFileReference; lastKnownFileType = sourcecode.swift; path = "Models/SwipeAction.swift"; sourceTree = "<group>"; };
        76F1A54E7E2B580AA8443B0A /* Template.swift */ = {isa = PBXFileReference; lastKnownFileType = sourcecode.swift; path = "Models/Template.swift"; sourceTree = "<group>"; };
        6C2D29A518769C9E3437CDA4 /* APIClient.swift */ = {isa = PBXFileReference; lastKnownFileType = sourcecode.swift; path = "Networking/APIClient.swift"; sourceTree = "<group>"; };
        78B6531A8C81AB10CDD5D457 /* APIConfig.swift */ = {isa = PBXFileReference; lastKnownFileType = sourcecode.swift; path = "Networking/APIConfig.swift"; sourceTree = "<group>"; };
        907D266948E28EEC8864A744 /* APIError.swift */ = {isa = PBXFileReference; lastKnownFileType = sourcecode.swift; path = "Networking/APIError.swift"; sourceTree = "<group>"; };
        A0DB5263307E7B994882DB67 /* KeychainTokenStore.swift */ = {isa = PBXFileReference; lastKnownFileType = sourcecode.swift; path = "Networking/KeychainTokenStore.swift"; sourceTree = "<group>"; };
        D399B68995FE87D4E3EA4BD1 /* LocalApplyQueue.swift */ = {isa = PBXFileReference; lastKnownFileType = sourcecode.swift; path = "Persistence/LocalApplyQueue.swift"; sourceTree = "<group>"; };
        1CDAA9A8E28CF9D53BA5B608 /* ResumeStore.swift */ = {isa = PBXFileReference; lastKnownFileType = sourcecode.swift; path = "Persistence/ResumeStore.swift"; sourceTree = "<group>"; };
        2E129AD779766846C32A3BE8 /* ApplyService.swift */ = {isa = PBXFileReference; lastKnownFileType = sourcecode.swift; path = "Services/ApplyService.swift"; sourceTree = "<group>"; };
        077BD74AA0BAD72537558463 /* AuthService.swift */ = {isa = PBXFileReference; lastKnownFileType = sourcecode.swift; path = "Services/AuthService.swift"; sourceTree = "<group>"; };
        2D8742EEDD3BFBDF555E5093 /* JobFeedService.swift */ = {isa = PBXFileReference; lastKnownFileType = sourcecode.swift; path = "Services/JobFeedService.swift"; sourceTree = "<group>"; };
        C98A6436C59C2900CC301A5E /* LinkedInAuthService.swift */ = {isa = PBXFileReference; lastKnownFileType = sourcecode.swift; path = "Services/LinkedInAuthService.swift"; sourceTree = "<group>"; };
        4DFFDE8C71940E99700C64D7 /* LoginView.swift */ = {isa = PBXFileReference; lastKnownFileType = sourcecode.swift; path = "Views/Auth/LoginView.swift"; sourceTree = "<group>"; };
        DAFC2031BCEC0B16A8508787 /* ActionBadgeView.swift */ = {isa = PBXFileReference; lastKnownFileType = sourcecode.swift; path = "Views/Jobs/ActionBadgeView.swift"; sourceTree = "<group>"; };
        8411C0AD8DCFEA207431DABE /* CardStackView.swift */ = {isa = PBXFileReference; lastKnownFileType = sourcecode.swift; path = "Views/Jobs/CardStackView.swift"; sourceTree = "<group>"; };
        54F5E4B079E5365F9D4F2429 /* JobCardView.swift */ = {isa = PBXFileReference; lastKnownFileType = sourcecode.swift; path = "Views/Jobs/JobCardView.swift"; sourceTree = "<group>"; };
        9822CAEFB79AF2D75820C68E /* JobsView.swift */ = {isa = PBXFileReference; lastKnownFileType = sourcecode.swift; path = "Views/Jobs/JobsView.swift"; sourceTree = "<group>"; };
        C58F8536312F4706E3C117F2 /* SwipeOverlayView.swift */ = {isa = PBXFileReference; lastKnownFileType = sourcecode.swift; path = "Views/Jobs/SwipeOverlayView.swift"; sourceTree = "<group>"; };
        2AAE0E041AA8EDD7C6244D7E /* ExportView.swift */ = {isa = PBXFileReference; lastKnownFileType = sourcecode.swift; path = "Views/Preview/ExportView.swift"; sourceTree = "<group>"; };
        09AE357696F265F38144FC85 /* ResumePreviewView.swift */ = {isa = PBXFileReference; lastKnownFileType = sourcecode.swift; path = "Views/Preview/ResumePreviewView.swift"; sourceTree = "<group>"; };
        766127F510DB9F2771DCBE72 /* ProfileView.swift */ = {isa = PBXFileReference; lastKnownFileType = sourcecode.swift; path = "Views/Profile/ProfileView.swift"; sourceTree = "<group>"; };
        7721100FC9D729F48A985B23 /* FieldRowView.swift */ = {isa = PBXFileReference; lastKnownFileType = sourcecode.swift; path = "Views/Resume/FieldRowView.swift"; sourceTree = "<group>"; };
        3A8704817DB8C2749B5D4045 /* ResumeBuilderView.swift */ = {isa = PBXFileReference; lastKnownFileType = sourcecode.swift; path = "Views/Resume/ResumeBuilderView.swift"; sourceTree = "<group>"; };
        AD07B5654C61064EBA1EA135 /* SectionEditorView.swift */ = {isa = PBXFileReference; lastKnownFileType = sourcecode.swift; path = "Views/Resume/SectionEditorView.swift"; sourceTree = "<group>"; };
        0FB6C552DA2D549539809B3D /* SectionRowView.swift */ = {isa = PBXFileReference; lastKnownFileType = sourcecode.swift; path = "Views/Resume/SectionRowView.swift"; sourceTree = "<group>"; };
        43E07D1E46EBF4BD1EBCFE52 /* ReviewDetailView.swift */ = {isa = PBXFileReference; lastKnownFileType = sourcecode.swift; path = "Views/Review/ReviewDetailView.swift"; sourceTree = "<group>"; };
        BD7C8DD2B842B50A016E5B77 /* ReviewQueueView.swift */ = {isa = PBXFileReference; lastKnownFileType = sourcecode.swift; path = "Views/Review/ReviewQueueView.swift"; sourceTree = "<group>"; };
        1961444F552BBDACA747B637 /* RootTabView.swift */ = {isa = PBXFileReference; lastKnownFileType = sourcecode.swift; path = "Views/Root/RootTabView.swift"; sourceTree = "<group>"; };
        4F136A180404B6C9C4CCA370 /* TemplateCardView.swift */ = {isa = PBXFileReference; lastKnownFileType = sourcecode.swift; path = "Views/Templates/TemplateCardView.swift"; sourceTree = "<group>"; };
        49DF4C9D115B0FBA5ADCC1DA /* TemplatesView.swift */ = {isa = PBXFileReference; lastKnownFileType = sourcecode.swift; path = "Views/Templates/TemplatesView.swift"; sourceTree = "<group>"; };
        CED7EEE6F1962805D7463168 /* Products */ = {isa = PBXGroup; children = (964BD5656C7A016EF0C9ADA7 /* ResumeMaster.app */,); name = Products; sourceTree = "<group>"; };
        D87D58F02619D6D4F0C5875D /* ResumeMaster */ = {isa = PBXGroup; children = (
                64488557C2EBEE21EA19BF06 /* Info.plist */,
                1CB4B9CDA13A6DAD3E61A410 /* AppState.swift */,
                CA96C62936A38B73F0714CD8 /* ResumeMasterApp.swift */,
                148888635E9D58C016427EAD /* ActionLabel.swift */,
                AB39EFEF76AEA6C608B3CFE4 /* HapticManager.swift */,
                376075A24D84B0009BF0B2F9 /* MinimalButton.swift */,
                DB2C6C8A7BF96BE25AF44611 /* SpringAnimation.swift */,
                11CC335952F631834DBE79B4 /* SwipeCardModifier.swift */,
                F6625B5483CE0EE3E751F7CF /* DesignSystem.swift */,
                4FCDA0769A6DB6C4971A69BD /* SwipeThresholds.swift */,
                C472E372B58CA876A66B1844 /* ApplyModels.swift */,
                5910A3E505CA471FAC41B3CB /* AuthModels.swift */,
                3BBE8BD10FD686BD93865BEB /* FeedModels.swift */,
                D554C9A709205C6BF7044E3C /* InteractModels.swift */,
                001274EE12A39D4C19F05711 /* Job.swift */,
                46C2E9153108FFB4684F9572 /* Resume.swift */,
                BB05FC01ACF5CBB8BB5DD41A /* SwipeAction.swift */,
                76F1A54E7E2B580AA8443B0A /* Template.swift */,
                6C2D29A518769C9E3437CDA4 /* APIClient.swift */,
                78B6531A8C81AB10CDD5D457 /* APIConfig.swift */,
                907D266948E28EEC8864A744 /* APIError.swift */,
                A0DB5263307E7B994882DB67 /* KeychainTokenStore.swift */,
                D399B68995FE87D4E3EA4BD1 /* LocalApplyQueue.swift */,
                1CDAA9A8E28CF9D53BA5B608 /* ResumeStore.swift */,
                2E129AD779766846C32A3BE8 /* ApplyService.swift */,
                077BD74AA0BAD72537558463 /* AuthService.swift */,
                2D8742EEDD3BFBDF555E5093 /* JobFeedService.swift */,
                C98A6436C59C2900CC301A5E /* LinkedInAuthService.swift */,
                4DFFDE8C71940E99700C64D7 /* LoginView.swift */,
                DAFC2031BCEC0B16A8508787 /* ActionBadgeView.swift */,
                8411C0AD8DCFEA207431DABE /* CardStackView.swift */,
                54F5E4B079E5365F9D4F2429 /* JobCardView.swift */,
                9822CAEFB79AF2D75820C68E /* JobsView.swift */,
                C58F8536312F4706E3C117F2 /* SwipeOverlayView.swift */,
                2AAE0E041AA8EDD7C6244D7E /* ExportView.swift */,
                09AE357696F265F38144FC85 /* ResumePreviewView.swift */,
                766127F510DB9F2771DCBE72 /* ProfileView.swift */,
                7721100FC9D729F48A985B23 /* FieldRowView.swift */,
                3A8704817DB8C2749B5D4045 /* ResumeBuilderView.swift */,
                AD07B5654C61064EBA1EA135 /* SectionEditorView.swift */,
                0FB6C552DA2D549539809B3D /* SectionRowView.swift */,
                43E07D1E46EBF4BD1EBCFE52 /* ReviewDetailView.swift */,
                BD7C8DD2B842B50A016E5B77 /* ReviewQueueView.swift */,
                1961444F552BBDACA747B637 /* RootTabView.swift */,
                4F136A180404B6C9C4CCA370 /* TemplateCardView.swift */,
                49DF4C9D115B0FBA5ADCC1DA /* TemplatesView.swift */,
            ); path = ResumeMaster; sourceTree = "<group>"; };
        51A068098A2E037227B34F49 = {isa = PBXGroup; children = (D87D58F02619D6D4F0C5875D /* ResumeMaster */, CED7EEE6F1962805D7463168 /* Products */,); sourceTree = "<group>"; };
        E0D0D59CD93F89024E87C12C /* Sources */ = {isa = PBXSourcesBuildPhase; buildActionMask = 2147483647; files = (
                9E7DBE51CF7A78806DCD8892 /* AppState.swift in Sources */,
                BC63A924DF96F1BB626DC1A0 /* ResumeMasterApp.swift in Sources */,
                31466A65352A86F934C63CF3 /* ActionLabel.swift in Sources */,
                A5366708FAF2A626093FCB96 /* HapticManager.swift in Sources */,
                AC30890E104FCC711F48ACC9 /* MinimalButton.swift in Sources */,
                43B45C1C34EA935218C1C30A /* SpringAnimation.swift in Sources */,
                5CABE0E44D2AC8F9175C3D76 /* SwipeCardModifier.swift in Sources */,
                81D4E51883C187BE3B06CCE5 /* DesignSystem.swift in Sources */,
                5E4451DEA4499C239213A580 /* SwipeThresholds.swift in Sources */,
                E501FF15567A8A61124509EF /* ApplyModels.swift in Sources */,
                B6944A4DC6EAB77C9DEDBC27 /* AuthModels.swift in Sources */,
                D1071BA77A07067B9FFE6D95 /* FeedModels.swift in Sources */,
                4B6D8B04403DB8E5141DDF86 /* InteractModels.swift in Sources */,
                873467622E9B326394653FC0 /* Job.swift in Sources */,
                3BEFE266EB7276AC5DC6528B /* Resume.swift in Sources */,
                DB20DD58DF40513C3093994D /* SwipeAction.swift in Sources */,
                1E547B6F55D022C18A800E93 /* Template.swift in Sources */,
                39BFA71FAE722B97D6E74AE8 /* APIClient.swift in Sources */,
                87E253C71AA579104109B7B6 /* APIConfig.swift in Sources */,
                939B7F9B2DC9AAE68C5A6790 /* APIError.swift in Sources */,
                ECE8D0E6D98E7E08359EF58E /* KeychainTokenStore.swift in Sources */,
                94E1425C0EC7871DCCBC214D /* LocalApplyQueue.swift in Sources */,
                78B6F532BC9CAAB5366EE93C /* ResumeStore.swift in Sources */,
                9875450DC64380EE63F7FF8D /* ApplyService.swift in Sources */,
                BF4B7B6B476AD282BE1D4B04 /* AuthService.swift in Sources */,
                3CCC92C30E7852C4DA232FDC /* JobFeedService.swift in Sources */,
                EA4A211FAF25534324DA5589 /* LinkedInAuthService.swift in Sources */,
                31BD86C17C911423A1407100 /* LoginView.swift in Sources */,
                2B3C038C70A140E6F0B3D8DE /* ActionBadgeView.swift in Sources */,
                4742CC911A12FA834A4B87A2 /* CardStackView.swift in Sources */,
                091EF8740B7AC75922A1EFC9 /* JobCardView.swift in Sources */,
                B6BAEBBC39FABA10DE26D389 /* JobsView.swift in Sources */,
                185AE75882238945185073BD /* SwipeOverlayView.swift in Sources */,
                23C580F260291824ED36D076 /* ExportView.swift in Sources */,
                0661A93EC2814BF312312106 /* ResumePreviewView.swift in Sources */,
                A189F4917E209F63C52629E7 /* ProfileView.swift in Sources */,
                A109A368B500CF373F1E31B3 /* FieldRowView.swift in Sources */,
                861B2BD6A4AD9D819112E23A /* ResumeBuilderView.swift in Sources */,
                5EAB0D396587C1FE69337E72 /* SectionEditorView.swift in Sources */,
                4C6A35F33820313381A7A57E /* SectionRowView.swift in Sources */,
                484B105F72C3C142580F1B4F /* ReviewDetailView.swift in Sources */,
                B034893CD2FE6BE900FF8B6B /* ReviewQueueView.swift in Sources */,
                AE99DB211FAE9338D1189AFF /* RootTabView.swift in Sources */,
                E212DB168187CBC4A13D53E2 /* TemplateCardView.swift in Sources */,
                5AE22EB82FDBBBB18C246911 /* TemplatesView.swift in Sources */,
            ); runOnlyForDeploymentPostprocessing = 0; };
        FEB968D3C4BCB35760FDA754 /* Frameworks */ = {isa = PBXFrameworksBuildPhase; buildActionMask = 2147483647; files = (); runOnlyForDeploymentPostprocessing = 0; };
        BCE3F5D09B02DA782EA0B271 /* Resources */ = {isa = PBXResourcesBuildPhase; buildActionMask = 2147483647; files = (); runOnlyForDeploymentPostprocessing = 0; };
        F762108CA727F0BCD961FC74 /* ResumeMaster */ = {isa = PBXNativeTarget; buildConfigurationList = CC8C96CD04D65BBD11F6AD03; buildPhases = (E0D0D59CD93F89024E87C12C, FEB968D3C4BCB35760FDA754, BCE3F5D09B02DA782EA0B271,); buildRules = (); dependencies = (); name = ResumeMaster; productName = ResumeMaster; productReference = 964BD5656C7A016EF0C9ADA7 /* ResumeMaster.app */; productType = "com.apple.product-type.application"; };
        16EEAF57BAFC2A41CAB7C99A /* Project object */ = {isa = PBXProject; attributes = {BuildIndependentTargetsInParallel = 1; LastSwiftUpdateCheck = 1500; LastUpgradeCheck = 1500; TargetAttributes = {F762108CA727F0BCD961FC74 = {CreatedOnToolsVersion = 15.0;};};}; buildConfigurationList = BDB2ABBE52101FAD05AD3C4E; compatibilityVersion = "Xcode 14.0"; developmentRegion = en; hasScannedForEncodings = 0; knownRegions = (en, Base); mainGroup = 51A068098A2E037227B34F49; productRefGroup = CED7EEE6F1962805D7463168; projectDirPath = ""; projectRoot = ""; targets = (F762108CA727F0BCD961FC74,); };
        77E49109DA4970F708343302 = {isa = XCBuildConfiguration; buildSettings = {CODE_SIGN_STYLE = Automatic; DEBUG_INFORMATION_FORMAT = dwarf; GCC_OPTIMIZATION_LEVEL = 0; IPHONEOS_DEPLOYMENT_TARGET = 17.0; SDKROOT = iphoneos; SWIFT_ACTIVE_COMPILATION_CONDITIONS = DEBUG; SWIFT_OPTIMIZATION_LEVEL = "-Onone"; SWIFT_VERSION = 5.9;}; name = Debug; };
        0012FD6195EC4E7D802BCED1 = {isa = XCBuildConfiguration; buildSettings = {CODE_SIGN_STYLE = Automatic; DEBUG_INFORMATION_FORMAT = "dwarf-with-dsym"; IPHONEOS_DEPLOYMENT_TARGET = 17.0; SDKROOT = iphoneos; SWIFT_COMPILATION_MODE = wholemodule; SWIFT_OPTIMIZATION_LEVEL = "-O"; SWIFT_VERSION = 5.9; VALIDATE_PRODUCT = YES;}; name = Release; };
        87C9ECF0481C7DA7675DCD77 = {isa = XCBuildConfiguration; buildSettings = {CODE_SIGN_STYLE = Automatic; CURRENT_PROJECT_VERSION = 1; GENERATE_INFOPLIST_FILE = NO; INFOPLIST_FILE = ResumeMaster/Info.plist; MARKETING_VERSION = 1.0; PRODUCT_BUNDLE_IDENTIFIER = com.resumemaster.ios; PRODUCT_NAME = ResumeMaster; SUPPORTED_PLATFORMS = "iphoneos iphonesimulator"; SWIFT_VERSION = 5.9; TARGETED_DEVICE_FAMILY = "1,2";}; name = Debug; };
        C53A8ED71E54C4D992DE855B = {isa = XCBuildConfiguration; buildSettings = {CODE_SIGN_STYLE = Automatic; CURRENT_PROJECT_VERSION = 1; GENERATE_INFOPLIST_FILE = NO; INFOPLIST_FILE = ResumeMaster/Info.plist; MARKETING_VERSION = 1.0; PRODUCT_BUNDLE_IDENTIFIER = com.resumemaster.ios; PRODUCT_NAME = ResumeMaster; SUPPORTED_PLATFORMS = "iphoneos iphonesimulator"; SWIFT_VERSION = 5.9; TARGETED_DEVICE_FAMILY = "1,2";}; name = Release; };
        BDB2ABBE52101FAD05AD3C4E = {isa = XCConfigurationList; buildConfigurations = (77E49109DA4970F708343302, 0012FD6195EC4E7D802BCED1,); defaultConfigurationIsVisible = 0; defaultConfigurationName = Release; };
        CC8C96CD04D65BBD11F6AD03 = {isa = XCConfigurationList; buildConfigurations = (87C9ECF0481C7DA7675DCD77, C53A8ED71E54C4D992DE855B,); defaultConfigurationIsVisible = 0; defaultConfigurationName = Release; };
}; rootObject = 16EEAF57BAFC2A41CAB7C99A /* Project object */; }
